
Microsoft Visual Studio Solution File, Format Version 12.00
# Visual Studio Version 17
VisualStudioVersion = 17.7.34024.191
MinimumVisualStudioVersion = 10.0.40219.1
Project("{888888A0-9F3D-457C-B088-3A5042F75D52}") = "Task 1", "Task 1.pyproj", "{9DBDD3D4-EC71-44A2-8BC8-D1623E0C8470}"
EndProject
Global
	GlobalSection(SolutionConfigurationPlatforms) = preSolution
		Debug|Any CPU = Debug|Any CPU
		Release|Any CPU = Release|Any CPU
	EndGlobalSection
	GlobalSection(ProjectConfigurationPlatforms) = postSolution
		{9DBDD3D4-EC71-44A2-8BC8-D1623E0C8470}.Debug|Any CPU.ActiveCfg = Debug|Any CPU
		{9DBDD3D4-EC71-44A2-8BC8-D1623E0C8470}.Release|Any CPU.ActiveCfg = Release|Any CPU
	EndGlobalSection
	GlobalSection(SolutionProperties) = preSolution
		HideSolutionNode = FALSE
	EndGlobalSection
	GlobalSection(ExtensibilityGlobals) = postSolution
		SolutionGuid = {94D78A09-D917-454F-BF38-CD45B477D11B}
	EndGlobalSection
EndGlobal
